{
    "name": "Snowflake",
    "version": "0.1.69",
    "lockfileVersion": 3,
    "requires": true,
    "packages": {
        "": {
            "name": "Snowflake",
            "version": "0.1.69",
            "engines": {
                "hackolade": "6.1.2",
                "hackoladePlugin": "1.2.0"
            }
        }
    }
}
